{
  "object": {
    "pins": [
      {
        "package": "Benchmarking",
        "repositoryURL": "https://github.com/azeff/Benchmarking.git",
        "state": {
          "branch": "master",
          "revision": "69aef23644d1eff299f1c2a070cce774aa244b22",
          "version": null
        }
      },
      {
        "package": "BigInt",
        "repositoryURL": "https://github.com/attaswift/BigInt",
        "state": {
          "branch": null,
          "revision": "e1f28276687d7661cbb2754771bd9fc281784e32",
          "version": "5.2.0"
        }
      },
      {
        "package": "OptionParser",
        "repositoryURL": "https://github.com/attaswift/OptionParser",
        "state": {
          "branch": null,
          "revision": "049f1e2b9d4550c25d99c54e17a045149e723afb",
          "version": "1.0.0"
        }
      },
      {
        "package": "swift-argument-parser",
        "repositoryURL": "https://github.com/apple/swift-argument-parser",
        "state": {
          "branch": null,
          "revision": "92646c0cdbaca076c8d3d0207891785b3379cbff",
          "version": "0.3.1"
        }
      }
    ]
  },
  "version": 1
}
